// !$*UTF8*$!
{
	archiveVersion = 1;
	classes = {
	};
	objectVersion = 55;
	objects = {

/* Begin PBXBuildFile section */
		D00C775F28872AAB001CEEF2 /* AppDelegate.swift in Sources */ = {isa = PBXBuildFile; fileRef = D00C775E28872AAB001CEEF2 /* AppDelegate.swift */; };
		D00C776128872AAB001CEEF2 /* SceneDelegate.swift in Sources */ = {isa = PBXBuildFile; fileRef = D00C776028872AAB001CEEF2 /* SceneDelegate.swift */; };
		D00C776328872AAB001CEEF2 /* ViewController.swift in Sources */ = {isa = PBXBuildFile; fileRef = D00C776228872AAB001CEEF2 /* ViewController.swift */; };
		D00C776628872AAB001CEEF2 /* Main.storyboard in Resources */ = {isa = PBXBuildFile; fileRef = D00C776428872AAB001CEEF2 /* Main.storyboard */; };
		D00C776928872AAB001CEEF2 /* githubPractice.xcdatamodeld in Sources */ = {isa = PBXBuildFile; fileRef = D00C776728872AAB001CEEF2 /* githubPractice.xcdatamodeld */; };
		D00C776B28872AAD001CEEF2 /* Assets.xcassets in Resources */ = {isa = PBXBuildFile; fileRef = D00C776A28872AAD001CEEF2 /* Assets.xcassets */; };
		D00C776E28872AAD001CEEF2 /* LaunchScreen.storyboard in Resources */ = {isa = PBXBuildFile; fileRef = D00C776C28872AAD001CEEF2 /* LaunchScreen.storyboard */; };
		D00C777928872AAE001CEEF2 /* githubPracticeTests.swift in Sources */ = {isa = PBXBuildFile; fileRef = D00C777828872AAE001CEEF2 /* githubPracticeTests.swift */; };
		D00C778328872AAE001CEEF2 /* githubPracticeUITests.swift in Sources */ = {isa = PBXBuildFile; fileRef = D00C778228872AAE001CEEF2 /* githubPracticeUITests.swift */; };
		D00C778528872AAE001CEEF2 /* githubPracticeUITestsLaunchTests.swift in Sources */ = {isa = PBXBuildFile; fileRef = D00C778428872AAE001CEEF2 /* githubPracticeUITestsLaunchTests.swift */; };
/* End PBXBuildFile section */

/* Begin PBXContainerItemProxy section */
		D00C777528872AAE001CEEF2 /* PBXContainerItemProxy */ = {
			isa = PBXContainerItemProxy;
			containerPortal = D00C775328872AAB001CEEF2 /* Project object */;
			proxyType = 1;
			remoteGlobalIDString = D00C775A28872AAB001CEEF2;
			remoteInfo = githubPractice;
		};
		D00C777F28872AAE001CEEF2 /* PBXContainerItemProxy */ = {
			isa = PBXContainerItemProxy;
			containerPortal = D00C775328872AAB001CEEF2 /* Project object */;
			proxyType = 1;
			remoteGlobalIDString = D00C775A28872AAB001CEEF2;
			remoteInfo = githubPractice;
		};
/* End PBXContainerItemProxy section */

/* Begin PBXFileReference section */
		D00C775B28872AAB001CEEF2 /* githubPractice.app */ = {isa = PBXFileReference; explicitFileType = wrapper.application; includeInIndex = 0; path = githubPractice.app; sourceTree = BUILT_PRODUCTS_DIR; };
		D00C775E28872AAB001CEEF2 /* AppDelegate.swift */ = {isa = PBXFileReference; lastKnownFileType = sourcecode.swift; path = AppDelegate.swift; sourceTree = "<group>"; };
		D00C776028872AAB001CEEF2 /* SceneDelegate.swift */ = {isa = PBXFileReference; lastKnownFileType = sourcecode.swift; path = SceneDelegate.swift; sourceTree = "<group>"; };
		D00C776228872AAB001CEEF2 /* ViewController.swift */ = {isa = PBXFileReference; lastKnownFileType = sourcecode.swift; path = ViewController.swift; sourceTree = "<group>"; };
		D00C776528872AAB001CEEF2 /* Base */ = {isa = PBXFileReference; lastKnownFileType = file.storyboard; name = Base; path = Base.lproj/Main.storyboard; sourceTree = "<group>"; };
		D00C776828872AAB001CEEF2 /* githubPractice.xcdatamodel */ = {isa = PBXFileReference; lastKnownFileType = wrapper.xcdatamodel; path = githubPractice.xcdatamodel; sourceTree = "<group>"; };
		D00C776A28872AAD001CEEF2 /* Assets.xcassets */ = {isa = PBXFileReference; lastKnownFileType = folder.assetcatalog; path = Assets.xcassets; sourceTree = "<group>"; };
		D00C776D28872AAD001CEEF2 /* Base */ = {isa = PBXFileReference; lastKnownFileType = file.storyboard; name = Base; path = Base.lproj/LaunchScreen.storyboard; sourceTree = "<group>"; };
		D00C776F28872AAD001CEEF2 /* Info.plist */ = {isa = PBXFileReference; lastKnownFileType = text.plist.xml; path = Info.plist; sourceTree = "<group>"; };
		D00C777428872AAE001CEEF2 /* githubPracticeTests.xctest */ = {isa = PBXFileReference; explicitFileType = wrapper.cfbundle; includeInIndex = 0; path = githubPracticeTests.xctest; sourceTree = BUILT_PRODUCTS_DIR; };
		D00C777828872AAE001CEEF2 /* githubPracticeTests.swift */ = {isa = PBXFileReference; lastKnownFileType = sourcecode.swift; path = githubPracticeTests.swift; sourceTree = "<group>"; };
		D00C777E28872AAE001CEEF2 /* githubPracticeUITests.xctest */ = {isa = PBXFileReference; explicitFileType = wrapper.cfbundle; includeInIndex = 0; path = githubPracticeUITests.xctest; sourceTree = BUILT_PRODUCTS_DIR; };
		D00C778228872AAE001CEEF2 /* githubPracticeUITests.swift */ = {isa = PBXFileReference; lastKnownFileType = sourcecode.swift; path = githubPracticeUITests.swift; sourceTree = "<group>"; };
		D00C778428872AAE001CEEF2 /* githubPracticeUITestsLaunchTests.swift */ = {isa = PBXFileReference; lastKnownFileType = sourcecode.swift; path = githubPracticeUITestsLaunchTests.swift; sourceTree = "<group>"; };
/* End PBXFileReference section */

/* Begin PBXFrameworksBuildPhase section */
		D00C775828872AAB001CEEF2 /* Frameworks */ = {
			isa = PBXFrameworksBuildPhase;
			buildActionMask = 2147483647;
			files = (
			);
			runOnlyForDeploymentPostprocessing = 0;
		};
		D00C777128872AAE001CEEF2 /* Frameworks */ = {
			isa = PBXFrameworksBuildPhase;
			buildActionMask = 2147483647;
			files = (
			);
			runOnlyForDeploymentPostprocessing = 0;
		};
		D00C777B28872AAE001CEEF2 /* Frameworks */ = {
			isa = PBXFrameworksBuildPhase;
			buildActionMask = 2147483647;
			files = (
			);
			runOnlyForDeploymentPostprocessing = 0;
		};
/* End PBXFrameworksBuildPhase section */

/* Begin PBXGroup section */
		D00C775228872AAB001CEEF2 = {
			isa = PBXGroup;
			children = (
				D00C775D28872AAB001CEEF2 /* githubPractice */,
				D00C777728872AAE001CEEF2 /* githubPracticeTests */,
				D00C778128872AAE001CEEF2 /* githubPracticeUITests */,
				D00C775C28872AAB001CEEF2 /* Products */,
			);
			sourceTree = "<group>";
		};
		D00C775C28872AAB001CEEF2 /* Products */ = {
			isa = PBXGroup;
			children = (
				D00C775B28872AAB001CEEF2 /* githubPractice.app */,
				D00C777428872AAE001CEEF2 /* githubPracticeTests.xctest */,
				D00C777E28872AAE001CEEF2 /* githubPracticeUITests.xctest */,
			);
			name = Products;
			sourceTree = "<group>";
		};
		D00C775D28872AAB001CEEF2 /* githubPractice */ = {
			isa = PBXGroup;
			children = (
				D00C775E28872AAB001CEEF2 /* AppDelegate.swift */,
				D00C776028872AAB001CEEF2 /* SceneDelegate.swift */,
				D00C776228872AAB001CEEF2 /* ViewController.swift */,
				D00C776428872AAB001CEEF2 /* Main.storyboard */,
				D00C776A28872AAD001CEEF2 /* Assets.xcassets */,
				D00C776C28872AAD001CEEF2 /* LaunchScreen.storyboard */,
				D00C776F28872AAD001CEEF2 /* Info.plist */,
				D00C776728872AAB001CEEF2 /* githubPractice.xcdatamodeld */,
			);
			path = githubPractice;
			sourceTree = "<group>";
		};
		D00C777728872AAE001CEEF2 /* githubPracticeTests */ = {
			isa = PBXGroup;
			children = (
				D00C777828872AAE001CEEF2 /* githubPracticeTests.swift */,
			);
			path = githubPracticeTests;
			sourceTree = "<group>";
		};
		D00C778128872AAE001CEEF2 /* githubPracticeUITests */ = {
			isa = PBXGroup;
			children = (
				D00C778228872AAE001CEEF2 /* githubPracticeUITests.swift */,
				D00C778428872AAE001CEEF2 /* githubPracticeUITestsLaunchTests.swift */,
			);
			path = githubPracticeUITests;
			sourceTree = "<group>";
		};
/* End PBXGroup section */

/* Begin PBXNativeTarget section */
		D00C775A28872AAB001CEEF2 /* githubPractice */ = {
			isa = PBXNativeTarget;
			buildConfigurationList = D00C778828872AAE001CEEF2 /* Build configuration list for PBXNativeTarget "githubPractice" */;
			buildPhases = (
				D00C775728872AAB001CEEF2 /* Sources */,
				D00C775828872AAB001CEEF2 /* Frameworks */,
				D00C775928872AAB001CEEF2 /* Resources */,
			);
			buildRules = (
			);
			dependencies = (
			);
			name = githubPractice;
			productName = githubPractice;
			productReference = D00C775B28872AAB001CEEF2 /* githubPractice.app */;
			productType = "com.apple.product-type.application";
		};
		D00C777328872AAE001CEEF2 /* githubPracticeTests */ = {
			isa = PBXNativeTarget;
			buildConfigurationList = D00C778B28872AAE001CEEF2 /* Build configuration list for PBXNativeTarget "githubPracticeTests" */;
			buildPhases = (
				D00C777028872AAE001CEEF2 /* Sources */,
				D00C777128872AAE001CEEF2 /* Frameworks */,
				D00C777228872AAE001CEEF2 /* Resources */,
			);
			buildRules = (
			);
			dependencies = (
				D00C777628872AAE001CEEF2 /* PBXTargetDependency */,
			);
			name = githubPracticeTests;
			productName = githubPracticeTests;
			productReference = D00C777428872AAE001CEEF2 /* githubPracticeTests.xctest */;
			productType = "com.apple.product-type.bundle.unit-test";
		};
		D00C777D28872AAE001CEEF2 /* githubPracticeUITests */ = {
			isa = PBXNativeTarget;
			buildConfigurationList = D00C778E28872AAE001CEEF2 /* Build configuration list for PBXNativeTarget "githubPracticeUITests" */;
			buildPhases = (
				D00C777A28872AAE001CEEF2 /* Sources */,
				D00C777B28872AAE001CEEF2 /* Frameworks */,
				D00C777C28872AAE001CEEF2 /* Resources */,
			);
			buildRules = (
			);
			dependencies = (
				D00C778028872AAE001CEEF2 /* PBXTargetDependency */,
			);
			name = githubPracticeUITests;
			productName = githubPracticeUITests;
			productReference = D00C777E28872AAE001CEEF2 /* githubPracticeUITests.xctest */;
			productType = "com.apple.product-type.bundle.ui-testing";
		};
/* End PBXNativeTarget section */

/* Begin PBXProject section */
		D00C775328872AAB001CEEF2 /* Project object */ = {
			isa = PBXProject;
			attributes = {
				BuildIndependentTargetsInParallel = 1;
				LastSwiftUpdateCheck = 1340;
				LastUpgradeCheck = 1340;
				TargetAttributes = {
					D00C775A28872AAB001CEEF2 = {
						CreatedOnToolsVersion = 13.4.1;
					};
					D00C777328872AAE001CEEF2 = {
						CreatedOnToolsVersion = 13.4.1;
						TestTargetID = D00C775A28872AAB001CEEF2;
					};
					D00C777D28872AAE001CEEF2 = {
						CreatedOnToolsVersion = 13.4.1;
						TestTargetID = D00C775A28872AAB001CEEF2;
					};
				};
			};
			buildConfigurationList = D00C775628872AAB001CEEF2 /* Build configuration list for PBXProject "githubPractice" */;
			compatibilityVersion = "Xcode 13.0";
			developmentRegion = en;
			hasScannedForEncodings = 0;
			knownRegions = (
				en,
				Base,
			);
			mainGroup = D00C775228872AAB001CEEF2;
			productRefGroup = D00C775C28872AAB001CEEF2 /* Products */;
			projectDirPath = "";
			projectRoot = "";
			targets = (
				D00C775A28872AAB001CEEF2 /* githubPractice */,
				D00C777328872AAE001CEEF2 /* githubPracticeTests */,
				D00C777D28872AAE001CEEF2 /* githubPracticeUITests */,
			);
		};
/* End PBXProject section */

/* Begin PBXResourcesBuildPhase section */
		D00C775928872AAB001CEEF2 /* Resources */ = {
			isa = PBXResourcesBuildPhase;
			buildActionMask = 2147483647;
			files = (
				D00C776E28872AAD001CEEF2 /* LaunchScreen.storyboard in Resources */,
				D00C776B28872AAD001CEEF2 /* Assets.xcassets in Resources */,
				D00C776628872AAB001CEEF2 /* Main.storyboard in Resources */,
			);
			runOnlyForDeploymentPostprocessing = 0;
		};
		D00C777228872AAE001CEEF2 /* Resources */ = {
			isa = PBXResourcesBuildPhase;
			buildActionMask = 2147483647;
			files = (
			);
			runOnlyForDeploymentPostprocessing = 0;
		};
		D00C777C28872AAE001CEEF2 /* Resources */ = {
			isa = PBXResourcesBuildPhase;
			buildActionMask = 2147483647;
			files = (
			);
			runOnlyForDeploymentPostprocessing = 0;
		};
/* End PBXResourcesBuildPhase section */

/* Begin PBXSourcesBuildPhase section */
		D00C775728872AAB001CEEF2 /* Sources */ = {
			isa = PBXSourcesBuildPhase;
			buildActionMask = 2147483647;
			files = (
				D00C776328872AAB001CEEF2 /* ViewController.swift in Sources */,
				D00C776928872AAB001CEEF2 /* githubPractice.xcdatamodeld in Sources */,
				D00C775F28872AAB001CEEF2 /* AppDelegate.swift in Sources */,
				D00C776128872AAB001CEEF2 /* SceneDelegate.swift in Sources */,
			);
			runOnlyForDeploymentPostprocessing = 0;
		};
		D00C777028872AAE001CEEF2 /* Sources */ = {
			isa = PBXSourcesBuildPhase;
			buildActionMask = 2147483647;
			files = (
				D00C777928872AAE001CEEF2 /* githubPracticeTests.swift in Sources */,
			);
			runOnlyForDeploymentPostprocessing = 0;
		};
		D00C777A28872AAE001CEEF2 /* Sources */ = {
			isa = PBXSourcesBuildPhase;
			buildActionMask = 2147483647;
			files = (
				D00C778528872AAE001CEEF2 /* githubPracticeUITestsLaunchTests.swift in Sources */,
				D00C778328872AAE001CEEF2 /* githubPracticeUITests.swift in Sources */,
			);
			runOnlyForDeploymentPostprocessing = 0;
		};
/* End PBXSourcesBuildPhase section */

/* Begin PBXTargetDependency section */
		D00C777628872AAE001CEEF2 /* PBXTargetDependency */ = {
			isa = PBXTargetDependency;
			target = D00C775A28872AAB001CEEF2 /* githubPractice */;
			targetProxy = D00C777528872AAE001CEEF2 /* PBXContainerItemProxy */;
		};
		D00C778028872AAE001CEEF2 /* PBXTargetDependency */ = {
			isa = PBXTargetDependency;
			target = D00C775A28872AAB001CEEF2 /* githubPractice */;
			targetProxy = D00C777F28872AAE001CEEF2 /* PBXContainerItemProxy */;
		};
/* End PBXTargetDependency section */

/* Begin PBXVariantGroup section */
		D00C776428872AAB001CEEF2 /* Main.storyboard */ = {
			isa = PBXVariantGroup;
			children = (
				D00C776528872AAB001CEEF2 /* Base */,
			);
			name = Main.storyboard;
			sourceTree = "<group>";
		};
		D00C776C28872AAD001CEEF2 /* LaunchScreen.storyboard */ = {
			isa = PBXVariantGroup;
			children = (
				D00C776D28872AAD001CEEF2 /* Base */,
			);
			name = LaunchScreen.storyboard;
			sourceTree = "<group>";
		};
/* End PBXVariantGroup section */

/* Begin XCBuildConfiguration section */
		D00C778628872AAE001CEEF2 /* Debug */ = {
			isa = XCBuildConfiguration;
			buildSettings = {
				ALWAYS_SEARCH_USER_PATHS = NO;
				CLANG_ANALYZER_NONNULL = YES;
				CLANG_ANALYZER_NUMBER_OBJECT_CONVERSION = YES_AGGRESSIVE;
				CLANG_CXX_LANGUAGE_STANDARD = "gnu++17";
				CLANG_ENABLE_MODULES = YES;
				CLANG_ENABLE_OBJC_ARC = YES;
				CLANG_ENABLE_OBJC_WEAK = YES;
				CLANG_WARN_BLOCK_CAPTURE_AUTORELEASING = YES;
				CLANG_WARN_BOOL_CONVERSION = YES;
				CLANG_WARN_COMMA = YES;
				CLANG_WARN_CONSTANT_CONVERSION = YES;
				CLANG_WARN_DEPRECATED_OBJC_IMPLEMENTATIONS = YES;
				CLANG_WARN_DIRECT_OBJC_ISA_USAGE = YES_ERROR;
				CLANG_WARN_DOCUMENTATION_COMMENTS = YES;
				CLANG_WARN_EMPTY_BODY = YES;
				CLANG_WARN_ENUM_CONVERSION = YES;
				CLANG_WARN_INFINITE_RECURSION = YES;
				CLANG_WARN_INT_CONVERSION = YES;
				CLANG_WARN_NON_LITERAL_NULL_CONVERSION = YES;
				CLANG_WARN_OBJC_IMPLICIT_RETAIN_SELF = YES;
				CLANG_WARN_OBJC_LITERAL_CONVERSION = YES;
				CLANG_WARN_OBJC_ROOT_CLASS = YES_ERROR;
				CLANG_WARN_QUOTED_INCLUDE_IN_FRAMEWORK_HEADER = YES;
				CLANG_WARN_RANGE_LOOP_ANALYSIS = YES;
				CLANG_WARN_STRICT_PROTOTYPES = YES;
				CLANG_WARN_SUSPICIOUS_MOVE = YES;
				CLANG_WARN_UNGUARDED_AVAILABILITY = YES_AGGRESSIVE;
				CLANG_WARN_UNREACHABLE_CODE = YES;
				CLANG_WARN__DUPLICATE_METHOD_MATCH = YES;
				COPY_PHASE_STRIP = NO;
				DEBUG_INFORMATION_FORMAT = dwarf;
				ENABLE_STRICT_OBJC_MSGSEND = YES;
				ENABLE_TESTABILITY = YES;
				GCC_C_LANGUAGE_STANDARD = gnu11;
				GCC_DYNAMIC_NO_PIC = NO;
				GCC_NO_COMMON_BLOCKS = YES;
				GCC_OPTIMIZATION_LEVEL = 0;
				GCC_PREPROCESSOR_DEFINITIONS = (
					"DEBUG=1",
					"$(inherited)",
				);
				GCC_WARN_64_TO_32_BIT_CONVERSION = YES;
				GCC_WARN_ABOUT_RETURN_TYPE = YES_ERROR;
				GCC_WARN_UNDECLARED_SELECTOR = YES;
				GCC_WARN_UNINITIALIZED_AUTOS = YES_AGGRESSIVE;
				GCC_WARN_UNUSED_FUNCTION = YES;
				GCC_WARN_UNUSED_VARIABLE = YES;
				IPHONEOS_DEPLOYMENT_TARGET = 15.5;
				MTL_ENABLE_DEBUG_INFO = INCLUDE_SOURCE;
				MTL_FAST_MATH = YES;
				ONLY_ACTIVE_ARCH = YES;
				SDKROOT = iphoneos;
				SWIFT_ACTIVE_COMPILATION_CONDITIONS = DEBUG;
				SWIFT_OPTIMIZATION_LEVEL = "-Onone";
			};
			name = Debug;
		};
		D00C778728872AAE001CEEF2 /* Release */ = {
			isa = XCBuildConfiguration;
			buildSettings = {
				ALWAYS_SEARCH_USER_PATHS = NO;
				CLANG_ANALYZER_NONNULL = YES;
				CLANG_ANALYZER_NUMBER_OBJECT_CONVERSION = YES_AGGRESSIVE;
				CLANG_CXX_LANGUAGE_STANDARD = "gnu++17";
				CLANG_ENABLE_MODULES = YES;
				CLANG_ENABLE_OBJC_ARC = YES;
				CLANG_ENABLE_OBJC_WEAK = YES;
				CLANG_WARN_BLOCK_CAPTURE_AUTORELEASING = YES;
				CLANG_WARN_BOOL_CONVERSION = YES;
				CLANG_WARN_COMMA = YES;
				CLANG_WARN_CONSTANT_CONVERSION = YES;
				CLANG_WARN_DEPRECATED_OBJC_IMPLEMENTATIONS = YES;
				CLANG_WARN_DIRECT_OBJC_ISA_USAGE = YES_ERROR;
				CLANG_WARN_DOCUMENTATION_COMMENTS = YES;
				CLANG_WARN_EMPTY_BODY = YES;
				CLANG_WARN_ENUM_CONVERSION = YES;
				CLANG_WARN_INFINITE_RECURSION = YES;
				CLANG_WARN_INT_CONVERSION = YES;
				CLANG_WARN_NON_LITERAL_NULL_CONVERSION = YES;
				CLANG_WARN_OBJC_IMPLICIT_RETAIN_SELF = YES;
				CLANG_WARN_OBJC_LITERAL_CONVERSION = YES;
				CLANG_WARN_OBJC_ROOT_CLASS = YES_ERROR;
				CLANG_WARN_QUOTED_INCLUDE_IN_FRAMEWORK_HEADER = YES;
				CLANG_WARN_RANGE_LOOP_ANALYSIS = YES;
				CLANG_WARN_STRICT_PROTOTYPES = YES;
				CLANG_WARN_SUSPICIOUS_MOVE = YES;
				CLANG_WARN_UNGUARDED_AVAILABILITY = YES_AGGRESSIVE;
				CLANG_WARN_UNREACHABLE_CODE = YES;
				CLANG_WARN__DUPLICATE_METHOD_MATCH = YES;
				COPY_PHASE_STRIP = NO;
				DEBUG_INFORMATION_FORMAT = "dwarf-with-dsym";
				ENABLE_NS_ASSERTIONS = NO;
				ENABLE_STRICT_OBJC_MSGSEND = YES;
				GCC_C_LANGUAGE_STANDARD = gnu11;
				GCC_NO_COMMON_BLOCKS = YES;
				GCC_WARN_64_TO_32_BIT_CONVERSION = YES;
				GCC_WARN_ABOUT_RETURN_TYPE = YES_ERROR;
				GCC_WARN_UNDECLARED_SELECTOR = YES;
				GCC_WARN_UNINITIALIZED_AUTOS = YES_AGGRESSIVE;
				GCC_WARN_UNUSED_FUNCTION = YES;
				GCC_WARN_UNUSED_VARIABLE = YES;
				IPHONEOS_DEPLOYMENT_TARGET = 15.5;
				MTL_ENABLE_DEBUG_INFO = NO;
				MTL_FAST_MATH = YES;
				SDKROOT = iphoneos;
				SWIFT_COMPILATION_MODE = wholemodule;
				SWIFT_OPTIMIZATION_LEVEL = "-O";
				VALIDATE_PRODUCT = YES;
			};
			name = Release;
		};
		D00C778928872AAE001CEEF2 /* Debug */ = {
			isa = XCBuildConfiguration;
			buildSettings = {
				ASSETCATALOG_COMPILER_APPICON_NAME = AppIcon;
				ASSETCATALOG_COMPILER_GLOBAL_ACCENT_COLOR_NAME = AccentColor;
				CODE_SIGN_STYLE = Automatic;
				CURRENT_PROJECT_VERSION = 1;
				GENERATE_INFOPLIST_FILE = YES;
				INFOPLIST_FILE = githubPractice/Info.plist;
				INFOPLIST_KEY_UIApplicationSupportsIndirectInputEvents = YES;
				INFOPLIST_KEY_UILaunchStoryboardName = LaunchScreen;
				INFOPLIST_KEY_UIMainStoryboardFile = Main;
				INFOPLIST_KEY_UISupportedInterfaceOrientations_iPad = "UIInterfaceOrientationPortrait UIInterfaceOrientationPortraitUpsideDown UIInterfaceOrientationLandscapeLeft UIInterfaceOrientationLandscapeRight";
				INFOPLIST_KEY_UISupportedInterfaceOrientations_iPhone = "UIInterfaceOrientationPortrait UIInterfaceOrientationLandscapeLeft UIInterfaceOrientationLandscapeRight";
				LD_RUNPATH_SEARCH_PATHS = (
					"$(inherited)",
					"@executable_path/Frameworks",
				);
				MARKETING_VERSION = 1.0;
				PRODUCT_BUNDLE_IDENTIFIER = KWK2022.githubPractice;
				PRODUCT_NAME = "$(TARGET_NAME)";
				SWIFT_EMIT_LOC_STRINGS = YES;
				SWIFT_VERSION = 5.0;
				TARGETED_DEVICE_FAMILY = "1,2";
			};
			name = Debug;
		};
		D00C778A28872AAE001CEEF2 /* Release */ = {
			isa = XCBuildConfiguration;
			buildSettings = {
				ASSETCATALOG_COMPILER_APPICON_NAME = AppIcon;
				ASSETCATALOG_COMPILER_GLOBAL_ACCENT_COLOR_NAME = AccentColor;
				CODE_SIGN_STYLE = Automatic;
				CURRENT_PROJECT_VERSION = 1;
				GENERATE_INFOPLIST_FILE = YES;
				INFOPLIST_FILE = githubPractice/Info.plist;
				INFOPLIST_KEY_UIApplicationSupportsIndirectInputEvents = YES;
				INFOPLIST_KEY_UILaunchStoryboardName = LaunchScreen;
				INFOPLIST_KEY_UIMainStoryboardFile = Main;
				INFOPLIST_KEY_UISupportedInterfaceOrientations_iPad = "UIInterfaceOrientationPortrait UIInterfaceOrientationPortraitUpsideDown UIInterfaceOrientationLandscapeLeft UIInterfaceOrientationLandscapeRight";
				INFOPLIST_KEY_UISupportedInterfaceOrientations_iPhone = "UIInterfaceOrientationPortrait UIInterfaceOrientationLandscapeLeft UIInterfaceOrientationLandscapeRight";
				LD_RUNPATH_SEARCH_PATHS = (
					"$(inherited)",
					"@executable_path/Frameworks",
				);
				MARKETING_VERSION = 1.0;
				PRODUCT_BUNDLE_IDENTIFIER = KWK2022.githubPractice;
				PRODUCT_NAME = "$(TARGET_NAME)";
				SWIFT_EMIT_LOC_STRINGS = YES;
				SWIFT_VERSION = 5.0;
				TARGETED_DEVICE_FAMILY = "1,2";
			};
			name = Release;
		};
		D00C778C28872AAE001CEEF2 /* Debug */ = {
			isa = XCBuildConfiguration;
			buildSettings = {
				ALWAYS_EMBED_SWIFT_STANDARD_LIBRARIES = YES;
				BUNDLE_LOADER = "$(TEST_HOST)";
				CODE_SIGN_STYLE = Automatic;
				CURRENT_PROJECT_VERSION = 1;
				GENERATE_INFOPLIST_FILE = YES;
				IPHONEOS_DEPLOYMENT_TARGET = 15.5;
				MARKETING_VERSION = 1.0;
				PRODUCT_BUNDLE_IDENTIFIER = KWK2022.githubPracticeTests;
				PRODUCT_NAME = "$(TARGET_NAME)";
				SWIFT_EMIT_LOC_STRINGS = NO;
				SWIFT_VERSION = 5.0;
				TARGETED_DEVICE_FAMILY = "1,2";
				TEST_HOST = "$(BUILT_PRODUCTS_DIR)/githubPractice.app/githubPractice";
			};
			name = Debug;
		};
		D00C778D28872AAE001CEEF2 /* Release */ = {
			isa = XCBuildConfiguration;
			buildSettings = {
				ALWAYS_EMBED_SWIFT_STANDARD_LIBRARIES = YES;
				BUNDLE_LOADER = "$(TEST_HOST)";
				CODE_SIGN_STYLE = Automatic;
				CURRENT_PROJECT_VERSION = 1;
				GENERATE_INFOPLIST_FILE = YES;
				IPHONEOS_DEPLOYMENT_TARGET = 15.5;
				MARKETING_VERSION = 1.0;
				PRODUCT_BUNDLE_IDENTIFIER = KWK2022.githubPracticeTests;
				PRODUCT_NAME = "$(TARGET_NAME)";
				SWIFT_EMIT_LOC_STRINGS = NO;
				SWIFT_VERSION = 5.0;
				TARGETED_DEVICE_FAMILY = "1,2";
				TEST_HOST = "$(BUILT_PRODUCTS_DIR)/githubPractice.app/githubPractice";
			};
			name = Release;
		};
		D00C778F28872AAE001CEEF2 /* Debug */ = {
			isa = XCBuildConfiguration;
			buildSettings = {
				ALWAYS_EMBED_SWIFT_STANDARD_LIBRARIES = YES;
				CODE_SIGN_STYLE = Automatic;
				CURRENT_PROJECT_VERSION = 1;
				GENERATE_INFOPLIST_FILE = YES;
				MARKETING_VERSION = 1.0;
				PRODUCT_BUNDLE_IDENTIFIER = KWK2022.githubPracticeUITests;
				PRODUCT_NAME = "$(TARGET_NAME)";
				SWIFT_EMIT_LOC_STRINGS = NO;
				SWIFT_VERSION = 5.0;
				TARGETED_DEVICE_FAMILY = "1,2";
				TEST_TARGET_NAME = githubPractice;
			};
			name = Debug;
		};
		D00C779028872AAE001CEEF2 /* Release */ = {
			isa = XCBuildConfiguration;
			buildSettings = {
				ALWAYS_EMBED_SWIFT_STANDARD_LIBRARIES = YES;
				CODE_SIGN_STYLE = Automatic;
				CURRENT_PROJECT_VERSION = 1;
				GENERATE_INFOPLIST_FILE = YES;
				MARKETING_VERSION = 1.0;
				PRODUCT_BUNDLE_IDENTIFIER = KWK2022.githubPracticeUITests;
				PRODUCT_NAME = "$(TARGET_NAME)";
				SWIFT_EMIT_LOC_STRINGS = NO;
				SWIFT_VERSION = 5.0;
				TARGETED_DEVICE_FAMILY = "1,2";
				TEST_TARGET_NAME = githubPractice;
			};
			name = Release;
		};
/* End XCBuildConfiguration section */

/* Begin XCConfigurationList section */
		D00C775628872AAB001CEEF2 /* Build configuration list for PBXProject "githubPractice" */ = {
			isa = XCConfigurationList;
			buildConfigurations = (
				D00C778628872AAE001CEEF2 /* Debug */,
				D00C778728872AAE001CEEF2 /* Release */,
			);
			defaultConfigurationIsVisible = 0;
			defaultConfigurationName = Release;
		};
		D00C778828872AAE001CEEF2 /* Build configuration list for PBXNativeTarget "githubPractice" */ = {
			isa = XCConfigurationList;
			buildConfigurations = (
				D00C778928872AAE001CEEF2 /* Debug */,
				D00C778A28872AAE001CEEF2 /* Release */,
			);
			defaultConfigurationIsVisible = 0;
			defaultConfigurationName = Release;
		};
		D00C778B28872AAE001CEEF2 /* Build configuration list for PBXNativeTarget "githubPracticeTests" */ = {
			isa = XCConfigurationList;
			buildConfigurations = (
				D00C778C28872AAE001CEEF2 /* Debug */,
				D00C778D28872AAE001CEEF2 /* Release */,
			);
			defaultConfigurationIsVisible = 0;
			defaultConfigurationName = Release;
		};
		D00C778E28872AAE001CEEF2 /* Build configuration list for PBXNativeTarget "githubPracticeUITests" */ = {
			isa = XCConfigurationList;
			buildConfigurations = (
				D00C778F28872AAE001CEEF2 /* Debug */,
				D00C779028872AAE001CEEF2 /* Release */,
			);
			defaultConfigurationIsVisible = 0;
			defaultConfigurationName = Release;
		};
/* End XCConfigurationList section */

/* Begin XCVersionGroup section */
		D00C776728872AAB001CEEF2 /* githubPractice.xcdatamodeld */ = {
			isa = XCVersionGroup;
			children = (
				D00C776828872AAB001CEEF2 /* githubPractice.xcdatamodel */,
			);
			currentVersion = D00C776828872AAB001CEEF2 /* githubPractice.xcdatamodel */;
			path = githubPractice.xcdatamodeld;
			sourceTree = "<group>";
			versionGroupType = wrapper.xcdatamodel;
		};
/* End XCVersionGroup section */
	};
	rootObject = D00C775328872AAB001CEEF2 /* Project object */;
}
